Microsoft Visual Studio Solution File, Format Version 12.00
# Visual Studio Version 17
VisualStudioVersion = 17.5.2.0
MinimumVisualStudioVersion = 10.0.40219.1
Project("{FAE04EC0-301F-11D3-BF4B-00C04F79EFBC}") = "debugging-app", "debugging-app.csproj", "{51BBC072-EA75-DFA9-C862-828C493DCFF9}"
EndProject
Global
	GlobalSection(SolutionConfigurationPlatforms) = preSolution
		Debug|Any CPU = Debug|Any CPU
		Release|Any CPU = Release|Any CPU
	EndGlobalSection
	GlobalSection(ProjectConfigurationPlatforms) = postSolution
		{51BBC072-EA75-DFA9-C862-828C493DCFF9}.Debug|Any CPU.ActiveCfg = Debug|Any CPU
		{51BBC072-EA75-DFA9-C862-828C493DCFF9}.Debug|Any CPU.Build.0 = Debug|Any CPU
		{51BBC072-EA75-DFA9-C862-828C493DCFF9}.Release|Any CPU.ActiveCfg = Release|Any CPU
		{51BBC072-EA75-DFA9-C862-828C493DCFF9}.Release|Any CPU.Build.0 = Release|Any CPU
	EndGlobalSection
	GlobalSection(SolutionProperties) = preSolution
		HideSolutionNode = FALSE
	EndGlobalSection
	GlobalSection(ExtensibilityGlobals) = postSolution
		SolutionGuid = {581B5B99-2CA8-4D57-9F7B-CC5B14E60F3C}
	EndGlobalSection
EndGlobal
